// !$*UTF8*$!
{
	archiveVersion = 1;
	classes = {
	};
	objectVersion = 46;
	objects = {

/* Begin PBXBuildFile section */
		4917CEAC1FFB77D2006DC883 /* main.cpp in Sources */ = {isa = PBXBuildFile; fileRef = 4917CEAB1FFB77D2006DC883 /* main.cpp */; };
		49722F691FFE3390006F2BE2 /* multithread_memory_model.cpp in Sources */ = {isa = PBXBuildFile; fileRef = 49722F671FFE3390006F2BE2 /* multithread_memory_model.cpp */; };
		4978CA46201C3862002FECAB /* crop.c in Sources */ = {isa = PBXBuildFile; fileRef = 4978CA45201C3862002FECAB /* crop.c */; };
		498B8C321F2EDFAA00732D00 /* thread_pool.cpp in Sources */ = {isa = PBXBuildFile; fileRef = 498B8C301F2EDFAA00732D00 /* thread_pool.cpp */; };
		49E9F59E1E8DFC8400523161 /* java.swift in Sources */ = {isa = PBXBuildFile; fileRef = 49E9F59D1E8DFC8400523161 /* java.swift */; };
		49EF10CC1E894AF9009DC28E /* Blocks.mm in Sources */ = {isa = PBXBuildFile; fileRef = 49EF10CB1E894AF9009DC28E /* Blocks.mm */; };
		F97768352243C77D00DFA4E0 /* cpp_mplest.cpp in Sources */ = {isa = PBXBuildFile; fileRef = F97768342243C77D00DFA4E0 /* cpp_mplest.cpp */; };
		F994BF4622F4428E001BB455 /* ntpd.cpp in Sources */ = {isa = PBXBuildFile; fileRef = F994BF4422F4428E001BB455 /* ntpd.cpp */; };
/* End PBXBuildFile section */

/* Begin PBXCopyFilesBuildPhase section */
		492885E71CB4A83100BC1FD2 /* CopyFiles */ = {
			isa = PBXCopyFilesBuildPhase;
			buildActionMask = 2147483647;
			dstPath = /usr/share/man/man1/;
			dstSubfolderSpec = 0;
			files = (
			);
			runOnlyForDeploymentPostprocessing = 1;
		};
/* End PBXCopyFilesBuildPhase section */

/* Begin PBXFileReference section */
		4917CEAB1FFB77D2006DC883 /* main.cpp */ = {isa = PBXFileReference; lastKnownFileType = sourcecode.cpp.cpp; path = main.cpp; sourceTree = "<group>"; };
		492885E91CB4A83100BC1FD2 /* test */ = {isa = PBXFileReference; explicitFileType = "compiled.mach-o.executable"; includeInIndex = 0; path = test; sourceTree = BUILT_PRODUCTS_DIR; };
		49722F671FFE3390006F2BE2 /* multithread_memory_model.cpp */ = {isa = PBXFileReference; lastKnownFileType = sourcecode.cpp.cpp; path = multithread_memory_model.cpp; sourceTree = "<group>"; };
		49722F681FFE3390006F2BE2 /* multithread_memory_model.hpp */ = {isa = PBXFileReference; lastKnownFileType = sourcecode.cpp.h; path = multithread_memory_model.hpp; sourceTree = "<group>"; };
		4978CA45201C3862002FECAB /* crop.c */ = {isa = PBXFileReference; lastKnownFileType = sourcecode.c.c; path = crop.c; sourceTree = "<group>"; };
		498B8C301F2EDFAA00732D00 /* thread_pool.cpp */ = {isa = PBXFileReference; fileEncoding = 4; lastKnownFileType = sourcecode.cpp.cpp; path = thread_pool.cpp; sourceTree = "<group>"; };
		498B8C311F2EDFAA00732D00 /* thread_pool.h */ = {isa = PBXFileReference; fileEncoding = 4; lastKnownFileType = sourcecode.c.h; path = thread_pool.h; sourceTree = "<group>"; };
		4997044720B5519F00FFCC66 /* cplusplus_various_param.h */ = {isa = PBXFileReference; lastKnownFileType = sourcecode.c.h; path = cplusplus_various_param.h; sourceTree = "<group>"; };
		49E9F59C1E8DFC8400523161 /* test-Bridging-Header.h */ = {isa = PBXFileReference; lastKnownFileType = sourcecode.c.h; path = "test-Bridging-Header.h"; sourceTree = "<group>"; };
		49E9F59D1E8DFC8400523161 /* java.swift */ = {isa = PBXFileReference; fileEncoding = 4; lastKnownFileType = sourcecode.swift; path = java.swift; sourceTree = "<group>"; };
		49EF10CB1E894AF9009DC28E /* Blocks.mm */ = {isa = PBXFileReference; fileEncoding = 4; lastKnownFileType = sourcecode.cpp.objcpp; path = Blocks.mm; sourceTree = "<group>"; };
		F97768302243BDA900DFA4E0 /* cpp_mplest.hpp */ = {isa = PBXFileReference; lastKnownFileType = sourcecode.cpp.h; path = cpp_mplest.hpp; sourceTree = "<group>"; };
		F97768342243C77D00DFA4E0 /* cpp_mplest.cpp */ = {isa = PBXFileReference; lastKnownFileType = sourcecode.cpp.cpp; path = cpp_mplest.cpp; sourceTree = "<group>"; };
		F994BF4422F4428E001BB455 /* ntpd.cpp */ = {isa = PBXFileReference; fileEncoding = 4; lastKnownFileType = sourcecode.cpp.cpp; path = ntpd.cpp; sourceTree = "<group>"; };
		F994BF4522F4428E001BB455 /* ntpd.h */ = {isa = PBXFileReference; fileEncoding = 4; lastKnownFileType = sourcecode.c.h; path = ntpd.h; sourceTree = "<group>"; };
/* End PBXFileReference section */

/* Begin PBXFrameworksBuildPhase section */
		492885E61CB4A83100BC1FD2 /* Frameworks */ = {
			isa = PBXFrameworksBuildPhase;
			buildActionMask = 2147483647;
			files = (
			);
			runOnlyForDeploymentPostprocessing = 0;
		};
/* End PBXFrameworksBuildPhase section */

/* Begin PBXGroup section */
		492885E01CB4A83100BC1FD2 = {
			isa = PBXGroup;
			children = (
				492885EB1CB4A83100BC1FD2 /* test */,
				492885EA1CB4A83100BC1FD2 /* Products */,
			);
			sourceTree = "<group>";
		};
		492885EA1CB4A83100BC1FD2 /* Products */ = {
			isa = PBXGroup;
			children = (
				492885E91CB4A83100BC1FD2 /* test */,
			);
			name = Products;
			sourceTree = "<group>";
		};
		492885EB1CB4A83100BC1FD2 /* test */ = {
			isa = PBXGroup;
			children = (
				49EF10CB1E894AF9009DC28E /* Blocks.mm */,
				49E9F59D1E8DFC8400523161 /* java.swift */,
				49E9F59C1E8DFC8400523161 /* test-Bridging-Header.h */,
				498B8C301F2EDFAA00732D00 /* thread_pool.cpp */,
				498B8C311F2EDFAA00732D00 /* thread_pool.h */,
				4917CEAB1FFB77D2006DC883 /* main.cpp */,
				49722F671FFE3390006F2BE2 /* multithread_memory_model.cpp */,
				49722F681FFE3390006F2BE2 /* multithread_memory_model.hpp */,
				4978CA45201C3862002FECAB /* crop.c */,
				4997044720B5519F00FFCC66 /* cplusplus_various_param.h */,
				F97768302243BDA900DFA4E0 /* cpp_mplest.hpp */,
				F97768342243C77D00DFA4E0 /* cpp_mplest.cpp */,
				F994BF4422F4428E001BB455 /* ntpd.cpp */,
				F994BF4522F4428E001BB455 /* ntpd.h */,
			);
			path = test;
			sourceTree = "<group>";
		};
/* End PBXGroup section */

/* Begin PBXNativeTarget section */
		492885E81CB4A83100BC1FD2 /* test */ = {
			isa = PBXNativeTarget;
			buildConfigurationList = 492885F01CB4A83100BC1FD2 /* Build configuration list for PBXNativeTarget "test" */;
			buildPhases = (
				492885E51CB4A83100BC1FD2 /* Sources */,
				492885E61CB4A83100BC1FD2 /* Frameworks */,
				492885E71CB4A83100BC1FD2 /* CopyFiles */,
			);
			buildRules = (
			);
			dependencies = (
			);
			name = test;
			productName = test;
			productReference = 492885E91CB4A83100BC1FD2 /* test */;
			productType = "com.apple.product-type.tool";
		};
/* End PBXNativeTarget section */

/* Begin PBXProject section */
		492885E11CB4A83100BC1FD2 /* Project object */ = {
			isa = PBXProject;
			attributes = {
				LastUpgradeCheck = 0920;
				ORGANIZATIONNAME = "候 金鑫";
				TargetAttributes = {
					492885E81CB4A83100BC1FD2 = {
						CreatedOnToolsVersion = 7.3;
						LastSwiftMigration = 0920;
					};
				};
			};
			buildConfigurationList = 492885E41CB4A83100BC1FD2 /* Build configuration list for PBXProject "test" */;
			compatibilityVersion = "Xcode 3.2";
			developmentRegion = English;
			hasScannedForEncodings = 0;
			knownRegions = (
				en,
			);
			mainGroup = 492885E01CB4A83100BC1FD2;
			productRefGroup = 492885EA1CB4A83100BC1FD2 /* Products */;
			projectDirPath = "";
			projectRoot = "";
			targets = (
				492885E81CB4A83100BC1FD2 /* test */,
			);
		};
/* End PBXProject section */

/* Begin PBXSourcesBuildPhase section */
		492885E51CB4A83100BC1FD2 /* Sources */ = {
			isa = PBXSourcesBuildPhase;
			buildActionMask = 2147483647;
			files = (
				49722F691FFE3390006F2BE2 /* multithread_memory_model.cpp in Sources */,
				49EF10CC1E894AF9009DC28E /* Blocks.mm in Sources */,
				F97768352243C77D00DFA4E0 /* cpp_mplest.cpp in Sources */,
				49E9F59E1E8DFC8400523161 /* java.swift in Sources */,
				4978CA46201C3862002FECAB /* crop.c in Sources */,
				4917CEAC1FFB77D2006DC883 /* main.cpp in Sources */,
				498B8C321F2EDFAA00732D00 /* thread_pool.cpp in Sources */,
				F994BF4622F4428E001BB455 /* ntpd.cpp in Sources */,
			);
			runOnlyForDeploymentPostprocessing = 0;
		};
/* End PBXSourcesBuildPhase section */

/* Begin XCBuildConfiguration section */
		492885EE1CB4A83100BC1FD2 /* Debug */ = {
			isa = XCBuildConfiguration;
			buildSettings = {
				ALWAYS_SEARCH_USER_PATHS = NO;
				CLANG_ANALYZER_NONNULL = YES;
				CLANG_CXX_LANGUAGE_STANDARD = "gnu++0x";
				CLANG_CXX_LIBRARY = "libc++";
				CLANG_ENABLE_MODULES = YES;
				CLANG_ENABLE_OBJC_ARC = YES;
				CLANG_WARN_BLOCK_CAPTURE_AUTORELEASING = YES;
				CLANG_WARN_BOOL_CONVERSION = YES;
				CLANG_WARN_COMMA = YES;
				CLANG_WARN_CONSTANT_CONVERSION = YES;
				CLANG_WARN_DIRECT_OBJC_ISA_USAGE = YES_ERROR;
				CLANG_WARN_EMPTY_BODY = YES;
				CLANG_WARN_ENUM_CONVERSION = YES;
				CLANG_WARN_INFINITE_RECURSION = YES;
				CLANG_WARN_INT_CONVERSION = YES;
				CLANG_WARN_NON_LITERAL_NULL_CONVERSION = YES;
				CLANG_WARN_OBJC_LITERAL_CONVERSION = YES;
				CLANG_WARN_OBJC_ROOT_CLASS = YES_ERROR;
				CLANG_WARN_RANGE_LOOP_ANALYSIS = YES;
				CLANG_WARN_STRICT_PROTOTYPES = YES;
				CLANG_WARN_SUSPICIOUS_MOVE = YES;
				CLANG_WARN_UNREACHABLE_CODE = YES;
				CLANG_WARN__DUPLICATE_METHOD_MATCH = YES;
				CODE_SIGN_IDENTITY = "-";
				COPY_PHASE_STRIP = NO;
				DEBUG_INFORMATION_FORMAT = dwarf;
				ENABLE_STRICT_OBJC_MSGSEND = YES;
				ENABLE_TESTABILITY = YES;
				GCC_C_LANGUAGE_STANDARD = gnu99;
				GCC_DYNAMIC_NO_PIC = NO;
				GCC_NO_COMMON_BLOCKS = YES;
				GCC_OPTIMIZATION_LEVEL = 0;
				GCC_PREPROCESSOR_DEFINITIONS = (
					"DEBUG=1",
					"$(inherited)",
				);
				GCC_WARN_64_TO_32_BIT_CONVERSION = YES;
				GCC_WARN_ABOUT_RETURN_TYPE = YES_ERROR;
				GCC_WARN_UNDECLARED_SELECTOR = YES;
				GCC_WARN_UNINITIALIZED_AUTOS = YES_AGGRESSIVE;
				GCC_WARN_UNUSED_FUNCTION = YES;
				GCC_WARN_UNUSED_VARIABLE = YES;
				MACOSX_DEPLOYMENT_TARGET = 10.11;
				MTL_ENABLE_DEBUG_INFO = YES;
				ONLY_ACTIVE_ARCH = YES;
				SDKROOT = macosx;
			};
			name = Debug;
		};
		492885EF1CB4A83100BC1FD2 /* Release */ = {
			isa = XCBuildConfiguration;
			buildSettings = {
				ALWAYS_SEARCH_USER_PATHS = NO;
				CLANG_ANALYZER_NONNULL = YES;
				CLANG_CXX_LANGUAGE_STANDARD = "gnu++0x";
				CLANG_CXX_LIBRARY = "libc++";
				CLANG_ENABLE_MODULES = YES;
				CLANG_ENABLE_OBJC_ARC = YES;
				CLANG_WARN_BLOCK_CAPTURE_AUTORELEASING = YES;
				CLANG_WARN_BOOL_CONVERSION = YES;
				CLANG_WARN_COMMA = YES;
				CLANG_WARN_CONSTANT_CONVERSION = YES;
				CLANG_WARN_DIRECT_OBJC_ISA_USAGE = YES_ERROR;
				CLANG_WARN_EMPTY_BODY = YES;
				CLANG_WARN_ENUM_CONVERSION = YES;
				CLANG_WARN_INFINITE_RECURSION = YES;
				CLANG_WARN_INT_CONVERSION = YES;
				CLANG_WARN_NON_LITERAL_NULL_CONVERSION = YES;
				CLANG_WARN_OBJC_LITERAL_CONVERSION = YES;
				CLANG_WARN_OBJC_ROOT_CLASS = YES_ERROR;
				CLANG_WARN_RANGE_LOOP_ANALYSIS = YES;
				CLANG_WARN_STRICT_PROTOTYPES = YES;
				CLANG_WARN_SUSPICIOUS_MOVE = YES;
				CLANG_WARN_UNREACHABLE_CODE = YES;
				CLANG_WARN__DUPLICATE_METHOD_MATCH = YES;
				CODE_SIGN_IDENTITY = "-";
				COPY_PHASE_STRIP = NO;
				DEBUG_INFORMATION_FORMAT = "dwarf-with-dsym";
				ENABLE_NS_ASSERTIONS = NO;
				ENABLE_STRICT_OBJC_MSGSEND = YES;
				GCC_C_LANGUAGE_STANDARD = gnu99;
				GCC_NO_COMMON_BLOCKS = YES;
				GCC_WARN_64_TO_32_BIT_CONVERSION = YES;
				GCC_WARN_ABOUT_RETURN_TYPE = YES_ERROR;
				GCC_WARN_UNDECLARED_SELECTOR = YES;
				GCC_WARN_UNINITIALIZED_AUTOS = YES_AGGRESSIVE;
				GCC_WARN_UNUSED_FUNCTION = YES;
				GCC_WARN_UNUSED_VARIABLE = YES;
				MACOSX_DEPLOYMENT_TARGET = 10.11;
				MTL_ENABLE_DEBUG_INFO = NO;
				SDKROOT = macosx;
				SWIFT_OPTIMIZATION_LEVEL = "-Owholemodule";
			};
			name = Release;
		};
		492885F11CB4A83100BC1FD2 /* Debug */ = {
			isa = XCBuildConfiguration;
			buildSettings = {
				CLANG_ENABLE_MODULES = YES;
				LD_RUNPATH_SEARCH_PATHS = "$(inherited) @executable_path/../Frameworks @loader_path/../Frameworks";
				LLVM_LTO = NO;
				PRODUCT_NAME = "$(TARGET_NAME)";
				SWIFT_OBJC_BRIDGING_HEADER = "test/test-Bridging-Header.h";
				SWIFT_OPTIMIZATION_LEVEL = "-Onone";
				SWIFT_SWIFT3_OBJC_INFERENCE = On;
				SWIFT_VERSION = 4.0;
			};
			name = Debug;
		};
		492885F21CB4A83100BC1FD2 /* Release */ = {
			isa = XCBuildConfiguration;
			buildSettings = {
				CLANG_ENABLE_MODULES = YES;
				GCC_OPTIMIZATION_LEVEL = s;
				LD_RUNPATH_SEARCH_PATHS = "$(inherited) @executable_path/../Frameworks @loader_path/../Frameworks";
				LLVM_LTO = NO;
				PRODUCT_NAME = "$(TARGET_NAME)";
				SWIFT_OBJC_BRIDGING_HEADER = "test/test-Bridging-Header.h";
				SWIFT_SWIFT3_OBJC_INFERENCE = On;
				SWIFT_VERSION = 4.0;
			};
			name = Release;
		};
/* End XCBuildConfiguration section */

/* Begin XCConfigurationList section */
		492885E41CB4A83100BC1FD2 /* Build configuration list for PBXProject "test" */ = {
			isa = XCConfigurationList;
			buildConfigurations = (
				492885EE1CB4A83100BC1FD2 /* Debug */,
				492885EF1CB4A83100BC1FD2 /* Release */,
			);
			defaultConfigurationIsVisible = 0;
			defaultConfigurationName = Release;
		};
		492885F01CB4A83100BC1FD2 /* Build configuration list for PBXNativeTarget "test" */ = {
			isa = XCConfigurationList;
			buildConfigurations = (
				492885F11CB4A83100BC1FD2 /* Debug */,
				492885F21CB4A83100BC1FD2 /* Release */,
			);
			defaultConfigurationIsVisible = 0;
			defaultConfigurationName = Release;
		};
/* End XCConfigurationList section */
	};
	rootObject = 492885E11CB4A83100BC1FD2 /* Project object */;
}
